
Microsoft Visual Studio Solution File, Format Version 12.00
# Visual Studio 14
VisualStudioVersion = 14.0.25123.0
MinimumVisualStudioVersion = 10.0.40219.1
Project("{FAE04EC0-301F-11D3-BF4B-00C04F79EFBC}") = "JXGIS.Broadcast.Web", "JXGIS.Broadcast.Web\JXGIS.Broadcast.Web.csproj", "{2FF11BF0-C06B-4F27-A3F2-19CCF47A5755}"
EndProject
Project("{2150E333-8FDC-42A3-9474-1A3956D46DE8}") = "02Web", "02Web", "{82239C5A-15D9-4AE8-959B-07C2357DE6D3}"
EndProject
Project("{2150E333-8FDC-42A3-9474-1A3956D46DE8}") = "01Service", "01Service", "{92C96004-2C52-4DCD-87E7-76D7602206E7}"
EndProject
Project("{FAE04EC0-301F-11D3-BF4B-00C04F79EFBC}") = "JXGIS.Broadcast.Service", "JXGIS.Broadcast.Service\JXGIS.Broadcast.Service.csproj", "{2E8ED182-A670-4C66-A5EF-AEDE43664E91}"
EndProject
Project("{2150E333-8FDC-42A3-9474-1A3956D46DE8}") = "03Business", "03Business", "{E0BA9E7A-83CF-43D9-85A3-2EA75F9856F9}"
EndProject
Project("{FAE04EC0-301F-11D3-BF4B-00C04F79EFBC}") = "JXGIS.Broadcast.Business", "JXGIS.Broadcast.Business\JXGIS.Broadcast.Business.csproj", "{F8FD616B-EE0F-46F8-AB7B-A662326D7AD0}"
EndProject
Project("{FAE04EC0-301F-11D3-BF4B-00C04F79EFBC}") = "JXGIS.Broadcast.Entity", "JXGIS.Broadcast.Entity\JXGIS.Broadcast.Entity.csproj", "{323AAE86-54BB-4090-8CBE-960DA5367FFC}"
EndProject
Project("{2150E333-8FDC-42A3-9474-1A3956D46DE8}") = "04BaseLib", "04BaseLib", "{D281227F-77C3-4C66-B485-BAD21A85B032}"
EndProject
Project("{FAE04EC0-301F-11D3-BF4B-00C04F79EFBC}") = "JXGIS.Broadcast.BaseLib", "JXGIS.Broadcast.BaseLib\JXGIS.Broadcast.BaseLib.csproj", "{145383BB-742C-4F0F-A639-42FE481A4F22}"
EndProject
Project("{FAE04EC0-301F-11D3-BF4B-00C04F79EFBC}") = "JXGIS.Broadcast.StaticLib", "JXGIS.Broadcast.StaticLib\JXGIS.Broadcast.StaticLib.csproj", "{18A14588-2E35-4DDE-BDE4-C56B67E9EDD8}"
EndProject
Project("{2150E333-8FDC-42A3-9474-1A3956D46DE8}") = "05Tools", "05Tools", "{1774D0BF-5EA1-4E77-81F9-E269C9266271}"
EndProject
Project("{FAE04EC0-301F-11D3-BF4B-00C04F79EFBC}") = "JXGIS.Broadcast.Tool", "JXGIS.Broadcast.Tool\JXGIS.Broadcast.Tool.csproj", "{9E006B9A-5695-4112-AD30-83C4BC1114C2}"
EndProject
Global
	GlobalSection(SolutionConfigurationPlatforms) = preSolution
		Debug|Any CPU = Debug|Any CPU
		Release|Any CPU = Release|Any CPU
	EndGlobalSection
	GlobalSection(ProjectConfigurationPlatforms) = postSolution
		{2FF11BF0-C06B-4F27-A3F2-19CCF47A5755}.Debug|Any CPU.ActiveCfg = Debug|Any CPU
		{2FF11BF0-C06B-4F27-A3F2-19CCF47A5755}.Debug|Any CPU.Build.0 = Debug|Any CPU
		{2FF11BF0-C06B-4F27-A3F2-19CCF47A5755}.Release|Any CPU.ActiveCfg = Release|Any CPU
		{2FF11BF0-C06B-4F27-A3F2-19CCF47A5755}.Release|Any CPU.Build.0 = Release|Any CPU
		{2E8ED182-A670-4C66-A5EF-AEDE43664E91}.Debug|Any CPU.ActiveCfg = Debug|Any CPU
		{2E8ED182-A670-4C66-A5EF-AEDE43664E91}.Debug|Any CPU.Build.0 = Debug|Any CPU
		{2E8ED182-A670-4C66-A5EF-AEDE43664E91}.Release|Any CPU.ActiveCfg = Release|Any CPU
		{2E8ED182-A670-4C66-A5EF-AEDE43664E91}.Release|Any CPU.Build.0 = Release|Any CPU
		{F8FD616B-EE0F-46F8-AB7B-A662326D7AD0}.Debug|Any CPU.ActiveCfg = Debug|Any CPU
		{F8FD616B-EE0F-46F8-AB7B-A662326D7AD0}.Debug|Any CPU.Build.0 = Debug|Any CPU
		{F8FD616B-EE0F-46F8-AB7B-A662326D7AD0}.Release|Any CPU.ActiveCfg = Release|Any CPU
		{F8FD616B-EE0F-46F8-AB7B-A662326D7AD0}.Release|Any CPU.Build.0 = Release|Any CPU
		{323AAE86-54BB-4090-8CBE-960DA5367FFC}.Debug|Any CPU.ActiveCfg = Debug|Any CPU
		{323AAE86-54BB-4090-8CBE-960DA5367FFC}.Debug|Any CPU.Build.0 = Debug|Any CPU
		{323AAE86-54BB-4090-8CBE-960DA5367FFC}.Release|Any CPU.ActiveCfg = Release|Any CPU
		{323AAE86-54BB-4090-8CBE-960DA5367FFC}.Release|Any CPU.Build.0 = Release|Any CPU
		{145383BB-742C-4F0F-A639-42FE481A4F22}.Debug|Any CPU.ActiveCfg = Debug|Any CPU
		{145383BB-742C-4F0F-A639-42FE481A4F22}.Debug|Any CPU.Build.0 = Debug|Any CPU
		{145383BB-742C-4F0F-A639-42FE481A4F22}.Release|Any CPU.ActiveCfg = Release|Any CPU
		{145383BB-742C-4F0F-A639-42FE481A4F22}.Release|Any CPU.Build.0 = Release|Any CPU
		{18A14588-2E35-4DDE-BDE4-C56B67E9EDD8}.Debug|Any CPU.ActiveCfg = Debug|Any CPU
		{18A14588-2E35-4DDE-BDE4-C56B67E9EDD8}.Debug|Any CPU.Build.0 = Debug|Any CPU
		{18A14588-2E35-4DDE-BDE4-C56B67E9EDD8}.Release|Any CPU.ActiveCfg = Release|Any CPU
		{18A14588-2E35-4DDE-BDE4-C56B67E9EDD8}.Release|Any CPU.Build.0 = Release|Any CPU
		{9E006B9A-5695-4112-AD30-83C4BC1114C2}.Debug|Any CPU.ActiveCfg = Debug|Any CPU
		{9E006B9A-5695-4112-AD30-83C4BC1114C2}.Debug|Any CPU.Build.0 = Debug|Any CPU
		{9E006B9A-5695-4112-AD30-83C4BC1114C2}.Release|Any CPU.ActiveCfg = Release|Any CPU
		{9E006B9A-5695-4112-AD30-83C4BC1114C2}.Release|Any CPU.Build.0 = Release|Any CPU
	EndGlobalSection
	GlobalSection(SolutionProperties) = preSolution
		HideSolutionNode = FALSE
	EndGlobalSection
	GlobalSection(NestedProjects) = preSolution
		{2FF11BF0-C06B-4F27-A3F2-19CCF47A5755} = {82239C5A-15D9-4AE8-959B-07C2357DE6D3}
		{2E8ED182-A670-4C66-A5EF-AEDE43664E91} = {92C96004-2C52-4DCD-87E7-76D7602206E7}
		{F8FD616B-EE0F-46F8-AB7B-A662326D7AD0} = {E0BA9E7A-83CF-43D9-85A3-2EA75F9856F9}
		{323AAE86-54BB-4090-8CBE-960DA5367FFC} = {D281227F-77C3-4C66-B485-BAD21A85B032}
		{145383BB-742C-4F0F-A639-42FE481A4F22} = {D281227F-77C3-4C66-B485-BAD21A85B032}
		{18A14588-2E35-4DDE-BDE4-C56B67E9EDD8} = {D281227F-77C3-4C66-B485-BAD21A85B032}
		{9E006B9A-5695-4112-AD30-83C4BC1114C2} = {1774D0BF-5EA1-4E77-81F9-E269C9266271}
	EndGlobalSection
EndGlobal
